{
  "name": "react-firebase-hooks",
  "version": "2.2.0",
  "lockfileVersion": 1,
  "requires": true,
  "dependencies": {
    "@firebase/analytics": {
      "version": "0.3.9",
      "resolved": "https://registry.npmjs.org/@firebase/analytics/-/analytics-0.3.9.tgz",
      "integrity": "sha512-l4dNskm8uQ+UqO6Lw+fuyO1enZBXUV6xNMxeVABEnVrp3wOP90KKb/ZwYgleAxF1It52lorcTtkA1YFpv3iEIQ==",
      "dev": true,
      "requires": {
        "@firebase/analytics-types": "0.3.1",
        "@firebase/component": "0.1.16",
        "@firebase/installations": "0.4.14",
        "@firebase/logger": "0.2.6",
        "@firebase/util": "0.2.50",
        "tslib": "^1.11.1"
      },
      "dependencies": {
        "tslib": {
          "version": "1.13.0",
          "resolved": "https://registry.npmjs.org/tslib/-/tslib-1.13.0.tgz",
          "integrity": "sha512-i/6DQjL8Xf3be4K/E6Wgpekn5Qasl1usyw++dAA35Ue5orEn65VIxOA+YvNNl9HV3qv70T7CNwjODHZrLwvd1Q==",
          "dev": true
        }
      }
    },
    "@firebase/analytics-types": {
      "version": "0.3.1",
      "resolved": "https://registry.npmjs.org/@firebase/analytics-types/-/analytics-types-0.3.1.tgz",
      "integrity": "sha512-63vVJ5NIBh/JF8l9LuPrQYSzFimk7zYHySQB4Dk9rVdJ8kV/vGQoVTvRu1UW05sEc2Ug5PqtEChtTHU+9hvPcA==",
      "dev": true
    },
    "@firebase/app": {
      "version": "0.6.8",
      "resolved": "https://registry.npmjs.org/@firebase/app/-/app-0.6.8.tgz",
      "integrity": "sha512-Tm7Pi6Dtpx4FFKcpm0jcrZ/qI9oREBxmP3pWlw1jgDW4syRJHmN9/5DYvfFk6FAhj3FrY8E/6F+ngWJfqONotQ==",
      "dev": true,
      "requires": {
        "@firebase/app-types": "0.6.1",
        "@firebase/component": "0.1.16",
        "@firebase/logger": "0.2.6",
        "@firebase/util": "0.2.50",
        "dom-storage": "2.1.0",
        "tslib": "^1.11.1",
        "xmlhttprequest": "1.8.0"
      },
      "dependencies": {
        "tslib": {
          "version": "1.13.0",
          "resolved": "https://registry.npmjs.org/tslib/-/tslib-1.13.0.tgz",
          "integrity": "sha512-i/6DQjL8Xf3be4K/E6Wgpekn5Qasl1usyw++dAA35Ue5orEn65VIxOA+YvNNl9HV3qv70T7CNwjODHZrLwvd1Q==",
          "dev": true
        }
      }
    },
    "@firebase/app-types": {
      "version": "0.6.1",
      "resolved": "https://registry.npmjs.org/@firebase/app-types/-/app-types-0.6.1.tgz",
      "integrity": "sha512-L/ZnJRAq7F++utfuoTKX4CLBG5YR7tFO3PLzG1/oXXKEezJ0kRL3CMRoueBEmTCzVb/6SIs2Qlaw++uDgi5Xyg==",
      "dev": true
    },
    "@firebase/auth": {
      "version": "0.14.9",
      "resolved": "https://registry.npmjs.org/@firebase/auth/-/auth-0.14.9.tgz",
      "integrity": "sha512-PxYa2r5qUEdheXTvqROFrMstK8W4uPiP7NVfp+2Bec+AjY5PxZapCx/YFDLkU0D7YBI82H74PtZrzdJZw7TJ4w==",
      "dev": true,
      "requires": {
        "@firebase/auth-types": "0.10.1"
      }
    },
    "@firebase/auth-interop-types": {
      "version": "0.1.5",
      "resolved": "https://registry.npmjs.org/@firebase/auth-interop-types/-/auth-interop-types-0.1.5.tgz",
      "integrity": "sha512-88h74TMQ6wXChPA6h9Q3E1Jg6TkTHep2+k63OWg3s0ozyGVMeY+TTOti7PFPzq5RhszQPQOoCi59es4MaRvgCw==",
      "dev": true
    },
    "@firebase/auth-types": {
      "version": "0.10.1",
      "resolved": "https://registry.npmjs.org/@firebase/auth-types/-/auth-types-0.10.1.tgz",
      "integrity": "sha512-/+gBHb1O9x/YlG7inXfxff/6X3BPZt4zgBv4kql6HEmdzNQCodIRlEYnI+/da+lN+dha7PjaFH7C7ewMmfV7rw==",
      "dev": true
    },
    "@firebase/component": {
      "version": "0.1.16",
      "resolved": "https://registry.npmjs.org/@firebase/component/-/component-0.1.16.tgz",
      "integrity": "sha512-FvffvFN0LWgv1H/FIyruTECOL69Dhy+JfwoTq+mV39V8Mz9lNpo41etonL5AOr7KmXxYJVbNwkx0L9Ei88i7JA==",
      "dev": true,
      "requires": {
        "@firebase/util": "0.2.50",
        "tslib": "^1.11.1"
      },
      "dependencies": {
        "tslib": {
          "version": "1.13.0",
          "resolved": "https://registry.npmjs.org/tslib/-/tslib-1.13.0.tgz",
          "integrity": "sha512-i/6DQjL8Xf3be4K/E6Wgpekn5Qasl1usyw++dAA35Ue5orEn65VIxOA+YvNNl9HV3qv70T7CNwjODHZrLwvd1Q==",
          "dev": true
        }
      }
    },
    "@firebase/database": {
      "version": "0.6.8",
      "resolved": "https://registry.npmjs.org/@firebase/database/-/database-0.6.8.tgz",
      "integrity": "sha512-Psibz/LD9WBvZRS7A/kkYd5i5l6tBw49adSFmCM2ZJlKE9fxZhxay02AerwfXHiq3gPKVeqXUjBIRuHOWdEXmw==",
      "dev": true,
      "requires": {
        "@firebase/auth-interop-types": "0.1.5",
        "@firebase/component": "0.1.16",
        "@firebase/database-types": "0.5.1",
        "@firebase/logger": "0.2.6",
        "@firebase/util": "0.2.50",
        "faye-websocket": "0.11.3",
        "tslib": "^1.11.1"
      },
      "dependencies": {
        "tslib": {
          "version": "1.13.0",
          "resolved": "https://registry.npmjs.org/tslib/-/tslib-1.13.0.tgz",
          "integrity": "sha512-i/6DQjL8Xf3be4K/E6Wgpekn5Qasl1usyw++dAA35Ue5orEn65VIxOA+YvNNl9HV3qv70T7CNwjODHZrLwvd1Q==",
          "dev": true
        }
      }
    },
    "@firebase/database-types": {
      "version": "0.5.1",
      "resolved": "https://registry.npmjs.org/@firebase/database-types/-/database-types-0.5.1.tgz",
      "integrity": "sha512-onQxom1ZBYBJ648w/VNRzUewovEDAH7lvnrrpCd69ukkyrMk6rGEO/PQ9BcNEbhlNtukpsqRS0oNOFlHs0FaSA==",
      "dev": true,
      "requires": {
        "@firebase/app-types": "0.6.1"
      }
    },
    "@firebase/firestore": {
      "version": "1.16.1",
      "resolved": "https://registry.npmjs.org/@firebase/firestore/-/firestore-1.16.1.tgz",
      "integrity": "sha512-TGtvNIGHMEFFEuOSsRswou576GPZY39vXIsenn0B1Dqz9ACpyDtvAT9YdbG38srlPq7ZKwsP5x04LB43zZ6eAg==",
      "dev": true,
      "requires": {
        "@firebase/component": "0.1.16",
        "@firebase/firestore-types": "1.12.0",
        "@firebase/logger": "0.2.6",
        "@firebase/util": "0.2.50",
        "@firebase/webchannel-wrapper": "0.2.41",
        "@grpc/grpc-js": "^1.0.0",
        "@grpc/proto-loader": "^0.5.0",
        "tslib": "^1.11.1"
      },
      "dependencies": {
        "tslib": {
          "version": "1.13.0",
          "resolved": "https://registry.npmjs.org/tslib/-/tslib-1.13.0.tgz",
          "integrity": "sha512-i/6DQjL8Xf3be4K/E6Wgpekn5Qasl1usyw++dAA35Ue5orEn65VIxOA+YvNNl9HV3qv70T7CNwjODHZrLwvd1Q==",
          "dev": true
        }
      }
    },
    "@firebase/firestore-types": {
      "version": "1.12.0",
      "resolved": "https://registry.npmjs.org/@firebase/firestore-types/-/firestore-types-1.12.0.tgz",
      "integrity": "sha512-OqNxVb63wPZdUc7YnpacAW1WNIMSKERSewCRi+unCQ0YI0KNfrDSypyGCyel+S3GdOtKMk9KnvDknaGbnaFX4g==",
      "dev": true
    },
    "@firebase/functions": {
      "version": "0.4.48",
      "resolved": "https://registry.npmjs.org/@firebase/functions/-/functions-0.4.48.tgz",
      "integrity": "sha512-BwI/JzO/f/nquKG1IS3VqmwMaKEhvM58/08vTnp46krHBsOYqsdD9T2amz+HXGT9fe2HhDsUhgFE8D00S0vqbg==",
      "dev": true,
      "requires": {
        "@firebase/component": "0.1.16",
        "@firebase/functions-types": "0.3.17",
        "@firebase/messaging-types": "0.4.5",
        "isomorphic-fetch": "2.2.1",
        "tslib": "^1.11.1"
      },
      "dependencies": {
        "tslib": {
          "version": "1.13.0",
          "resolved": "https://registry.npmjs.org/tslib/-/tslib-1.13.0.tgz",
          "integrity": "sha512-i/6DQjL8Xf3be4K/E6Wgpekn5Qasl1usyw++dAA35Ue5orEn65VIxOA+YvNNl9HV3qv70T7CNwjODHZrLwvd1Q==",
          "dev": true
        }
      }
    },
    "@firebase/functions-types": {
      "version": "0.3.17",
      "resolved": "https://registry.npmjs.org/@firebase/functions-types/-/functions-types-0.3.17.tgz",
      "integrity": "sha512-DGR4i3VI55KnYk4IxrIw7+VG7Q3gA65azHnZxo98Il8IvYLr2UTBlSh72dTLlDf25NW51HqvJgYJDKvSaAeyHQ==",
      "dev": true
    },
    "@firebase/installations": {
      "version": "0.4.14",
      "resolved": "https://registry.npmjs.org/@firebase/installations/-/installations-0.4.14.tgz",
      "integrity": "sha512-hQPsaU7wdTq3CFMtFQwZy6LgdXZAkXoUToV4O+ekPbjM65QzaGVogJVU8O2H6ADXoq37SarcUXKe86pcUWdFLA==",
      "dev": true,
      "requires": {
        "@firebase/component": "0.1.16",
        "@firebase/installations-types": "0.3.4",
        "@firebase/util": "0.2.50",
        "idb": "3.0.2",
        "tslib": "^1.11.1"
      },
      "dependencies": {
        "tslib": {
          "version": "1.13.0",
          "resolved": "https://registry.npmjs.org/tslib/-/tslib-1.13.0.tgz",
          "integrity": "sha512-i/6DQjL8Xf3be4K/E6Wgpekn5Qasl1usyw++dAA35Ue5orEn65VIxOA+YvNNl9HV3qv70T7CNwjODHZrLwvd1Q==",
          "dev": true
        }
      }
    },
    "@firebase/installations-types": {
      "version": "0.3.4",
      "resolved": "https://registry.npmjs.org/@firebase/installations-types/-/installations-types-0.3.4.tgz",
      "integrity": "sha512-RfePJFovmdIXb6rYwtngyxuEcWnOrzdZd9m7xAW0gRxDIjBT20n3BOhjpmgRWXo/DAxRmS7bRjWAyTHY9cqN7Q==",
      "dev": true
    },
    "@firebase/logger": {
      "version": "0.2.6",
      "resolved": "https://registry.npmjs.org/@firebase/logger/-/logger-0.2.6.tgz",
      "integrity": "sha512-KIxcUvW/cRGWlzK9Vd2KB864HlUnCfdTH0taHE0sXW5Xl7+W68suaeau1oKNEqmc3l45azkd4NzXTCWZRZdXrw==",
      "dev": true
    },
    "@firebase/messaging": {
      "version": "0.6.20",
      "resolved": "https://registry.npmjs.org/@firebase/messaging/-/messaging-0.6.20.tgz",
      "integrity": "sha512-1MqyljXnbFBeHYhL6QInVM9aO5MW820yhNmOIVxk58wNXq4tOQLzqnKuvlgZ+ttgqlDzrIYiVf3EOHh5DptttQ==",
      "dev": true,
      "requires": {
        "@firebase/component": "0.1.16",
        "@firebase/installations": "0.4.14",
        "@firebase/messaging-types": "0.4.5",
        "@firebase/util": "0.2.50",
        "idb": "3.0.2",
        "tslib": "^1.11.1"
      },
      "dependencies": {
        "tslib": {
          "version": "1.13.0",
          "resolved": "https://registry.npmjs.org/tslib/-/tslib-1.13.0.tgz",
          "integrity": "sha512-i/6DQjL8Xf3be4K/E6Wgpekn5Qasl1usyw++dAA35Ue5orEn65VIxOA+YvNNl9HV3qv70T7CNwjODHZrLwvd1Q==",
          "dev": true
        }
      }
    },
    "@firebase/messaging-types": {
      "version": "0.4.5",
      "resolved": "https://registry.npmjs.org/@firebase/messaging-types/-/messaging-types-0.4.5.tgz",
      "integrity": "sha512-sux4fgqr/0KyIxqzHlatI04Ajs5rc3WM+WmtCpxrKP1E5Bke8xu/0M+2oy4lK/sQ7nov9z15n3iltAHCgTRU3Q==",
      "dev": true
    },
    "@firebase/performance": {
      "version": "0.3.9",
      "resolved": "https://registry.npmjs.org/@firebase/performance/-/performance-0.3.9.tgz",
      "integrity": "sha512-Fj22DZXRhhKv1OSUzDxX7AqpJUcDld6tzXK1yxOC8e3v1DFPQMQdM9FoG1m1b/Vrqa6pCCqnqG6gh6VPnEcAzQ==",
      "dev": true,
      "requires": {
        "@firebase/component": "0.1.16",
        "@firebase/installations": "0.4.14",
        "@firebase/logger": "0.2.6",
        "@firebase/performance-types": "0.0.13",
        "@firebase/util": "0.2.50",
        "tslib": "^1.11.1"
      },
      "dependencies": {
        "tslib": {
          "version": "1.13.0",
          "resolved": "https://registry.npmjs.org/tslib/-/tslib-1.13.0.tgz",
          "integrity": "sha512-i/6DQjL8Xf3be4K/E6Wgpekn5Qasl1usyw++dAA35Ue5orEn65VIxOA+YvNNl9HV3qv70T7CNwjODHZrLwvd1Q==",
          "dev": true
        }
      }
    },
    "@firebase/performance-types": {
      "version": "0.0.13",
      "resolved": "https://registry.npmjs.org/@firebase/performance-types/-/performance-types-0.0.13.tgz",
      "integrity": "sha512-6fZfIGjQpwo9S5OzMpPyqgYAUZcFzZxHFqOyNtorDIgNXq33nlldTL/vtaUZA8iT9TT5cJlCrF/jthKU7X21EA==",
      "dev": true
    },
    "@firebase/polyfill": {
      "version": "0.3.36",
      "resolved": "https://registry.npmjs.org/@firebase/polyfill/-/polyfill-0.3.36.tgz",
      "integrity": "sha512-zMM9oSJgY6cT2jx3Ce9LYqb0eIpDE52meIzd/oe/y70F+v9u1LDqk5kUF5mf16zovGBWMNFmgzlsh6Wj0OsFtg==",
      "dev": true,
      "requires": {
        "core-js": "3.6.5",
        "promise-polyfill": "8.1.3",
        "whatwg-fetch": "2.0.4"
      },
      "dependencies": {
        "whatwg-fetch": {
          "version": "2.0.4",
          "resolved": "https://registry.npmjs.org/whatwg-fetch/-/whatwg-fetch-2.0.4.tgz",
          "integrity": "sha512-dcQ1GWpOD/eEQ97k66aiEVpNnapVj90/+R+SXTPYGHpYBBypfKJEQjLrvMZ7YXbKm21gXd4NcuxUTjiv1YtLng==",
          "dev": true
        }
      }
    },
    "@firebase/remote-config": {
      "version": "0.1.25",
      "resolved": "https://registry.npmjs.org/@firebase/remote-config/-/remote-config-0.1.25.tgz",
      "integrity": "sha512-8YWefBhy77HMbWXWdbenalx+IDY/XkS+iURQ9qRYvSIFYx6RL04DzlakZNOY9CQAcxTA+cTSt4NNlhjopBjf2Q==",
      "dev": true,
      "requires": {
        "@firebase/component": "0.1.16",
        "@firebase/installations": "0.4.14",
        "@firebase/logger": "0.2.6",
        "@firebase/remote-config-types": "0.1.9",
        "@firebase/util": "0.2.50",
        "tslib": "^1.11.1"
      },
      "dependencies": {
        "tslib": {
          "version": "1.13.0",
          "resolved": "https://registry.npmjs.org/tslib/-/tslib-1.13.0.tgz",
          "integrity": "sha512-i/6DQjL8Xf3be4K/E6Wgpekn5Qasl1usyw++dAA35Ue5orEn65VIxOA+YvNNl9HV3qv70T7CNwjODHZrLwvd1Q==",
          "dev": true
        }
      }
    },
    "@firebase/remote-config-types": {
      "version": "0.1.9",
      "resolved": "https://registry.npmjs.org/@firebase/remote-config-types/-/remote-config-types-0.1.9.tgz",
      "integrity": "sha512-G96qnF3RYGbZsTRut7NBX0sxyczxt1uyCgXQuH/eAfUCngxjEGcZQnBdy6mvSdqdJh5mC31rWPO4v9/s7HwtzA==",
      "dev": true
    },
    "@firebase/storage": {
      "version": "0.3.39",
      "resolved": "https://registry.npmjs.org/@firebase/storage/-/storage-0.3.39.tgz",
      "integrity": "sha512-uTE8kROU/NMas+0i2oK0U9LuAlDzt+Cis0ErmYPlbCvmFqpFdyu3TtlO5MYNoxGLaBjEyxb18NJZai9lNMXFlQ==",
      "dev": true,
      "requires": {
        "@firebase/component": "0.1.16",
        "@firebase/storage-types": "0.3.13",
        "@firebase/util": "0.2.50",
        "tslib": "^1.11.1"
      },
      "dependencies": {
        "tslib": {
          "version": "1.13.0",
          "resolved": "https://registry.npmjs.org/tslib/-/tslib-1.13.0.tgz",
          "integrity": "sha512-i/6DQjL8Xf3be4K/E6Wgpekn5Qasl1usyw++dAA35Ue5orEn65VIxOA+YvNNl9HV3qv70T7CNwjODHZrLwvd1Q==",
          "dev": true
        }
      }
    },
    "@firebase/storage-types": {
      "version": "0.3.13",
      "resolved": "https://registry.npmjs.org/@firebase/storage-types/-/storage-types-0.3.13.tgz",
      "integrity": "sha512-pL7b8d5kMNCCL0w9hF7pr16POyKkb3imOW7w0qYrhBnbyJTdVxMWZhb0HxCFyQWC0w3EiIFFmxoz8NTFZDEFog==",
      "dev": true
    },
    "@firebase/util": {
      "version": "0.2.50",
      "resolved": "https://registry.npmjs.org/@firebase/util/-/util-0.2.50.tgz",
      "integrity": "sha512-vFE6+Jfc25u0ViSpFxxq0q5s+XmuJ/y7CL3ud79RQe+WLFFg+j0eH1t23k0yNSG9vZNM7h3uHRIXbV97sYLAyw==",
      "dev": true,
      "requires": {
        "tslib": "^1.11.1"
      },
      "dependencies": {
        "tslib": {
          "version": "1.13.0",
          "resolved": "https://registry.npmjs.org/tslib/-/tslib-1.13.0.tgz",
          "integrity": "sha512-i/6DQjL8Xf3be4K/E6Wgpekn5Qasl1usyw++dAA35Ue5orEn65VIxOA+YvNNl9HV3qv70T7CNwjODHZrLwvd1Q==",
          "dev": true
        }
      }
    },
    "@firebase/webchannel-wrapper": {
      "version": "0.2.41",
      "resolved": "https://registry.npmjs.org/@firebase/webchannel-wrapper/-/webchannel-wrapper-0.2.41.tgz",
      "integrity": "sha512-XcdMT5PSZHiuf7LJIhzKIe+RyYa25S3LHRRvLnZc6iFjwXkrSDJ8J/HWO6VT8d2ZTbawp3VcLEjRF/VN8glCrA==",
      "dev": true
    },
    "@grpc/grpc-js": {
      "version": "1.1.2",
      "resolved": "https://registry.npmjs.org/@grpc/grpc-js/-/grpc-js-1.1.2.tgz",
      "integrity": "sha512-k2u86Bkm/3xrjUaSWeIyzXScBt/cC8uE7BznR0cpueQi11R33W6qfJdMrkrsmSHirp5likR55JSXUrcWG6ybHA==",
      "dev": true,
      "requires": {
        "semver": "^6.2.0"
      }
    },
    "@grpc/proto-loader": {
      "version": "0.5.5",
      "resolved": "https://registry.npmjs.org/@grpc/proto-loader/-/proto-loader-0.5.5.tgz",
      "integrity": "sha512-WwN9jVNdHRQoOBo9FDH7qU+mgfjPc8GygPYms3M+y3fbQLfnCe/Kv/E01t7JRgnrsOHH8euvSbed3mIalXhwqQ==",
      "dev": true,
      "requires": {
        "lodash.camelcase": "^4.3.0",
        "protobufjs": "^6.8.6"
      }
    },
    "@protobufjs/aspromise": {
      "version": "1.1.2",
      "resolved": "https://registry.npmjs.org/@protobufjs/aspromise/-/aspromise-1.1.2.tgz",
      "integrity": "sha1-m4sMxmPWaafY9vXQiToU00jzD78=",
      "dev": true
    },
    "@protobufjs/base64": {
      "version": "1.1.2",
      "resolved": "https://registry.npmjs.org/@protobufjs/base64/-/base64-1.1.2.tgz",
      "integrity": "sha512-AZkcAA5vnN/v4PDqKyMR5lx7hZttPDgClv83E//FMNhR2TMcLUhfRUBHCmSl0oi9zMgDDqRUJkSxO3wm85+XLg==",
      "dev": true
    },
    "@protobufjs/codegen": {
      "version": "2.0.4",
      "resolved": "https://registry.npmjs.org/@protobufjs/codegen/-/codegen-2.0.4.tgz",
      "integrity": "sha512-YyFaikqM5sH0ziFZCN3xDC7zeGaB/d0IUb9CATugHWbd1FRFwWwt4ld4OYMPWu5a3Xe01mGAULCdqhMlPl29Jg==",
      "dev": true
    },
    "@protobufjs/eventemitter": {
      "version": "1.1.0",
      "resolved": "https://registry.npmjs.org/@protobufjs/eventemitter/-/eventemitter-1.1.0.tgz",
      "integrity": "sha1-NVy8mLr61ZePntCV85diHx0Ga3A=",
      "dev": true
    },
    "@protobufjs/fetch": {
      "version": "1.1.0",
      "resolved": "https://registry.npmjs.org/@protobufjs/fetch/-/fetch-1.1.0.tgz",
      "integrity": "sha1-upn7WYYUr2VwDBYZ/wbUVLDYTEU=",
      "dev": true,
      "requires": {
        "@protobufjs/aspromise": "^1.1.1",
        "@protobufjs/inquire": "^1.1.0"
      }
    },
    "@protobufjs/float": {
      "version": "1.0.2",
      "resolved": "https://registry.npmjs.org/@protobufjs/float/-/float-1.0.2.tgz",
      "integrity": "sha1-Xp4avctz/Ap8uLKR33jIy9l7h9E=",
      "dev": true
    },
    "@protobufjs/inquire": {
      "version": "1.1.0",
      "resolved": "https://registry.npmjs.org/@protobufjs/inquire/-/inquire-1.1.0.tgz",
      "integrity": "sha1-/yAOPnzyQp4tyvwRQIKOjMY48Ik=",
      "dev": true
    },
    "@protobufjs/path": {
      "version": "1.1.2",
      "resolved": "https://registry.npmjs.org/@protobufjs/path/-/path-1.1.2.tgz",
      "integrity": "sha1-bMKyDFya1q0NzP0hynZz2Nf79o0=",
      "dev": true
    },
    "@protobufjs/pool": {
      "version": "1.1.0",
      "resolved": "https://registry.npmjs.org/@protobufjs/pool/-/pool-1.1.0.tgz",
      "integrity": "sha1-Cf0V8tbTq/qbZbw2ZQbWrXhG/1Q=",
      "dev": true
    },
    "@protobufjs/utf8": {
      "version": "1.1.0",
      "resolved": "https://registry.npmjs.org/@protobufjs/utf8/-/utf8-1.1.0.tgz",
      "integrity": "sha1-p3c2C1s5oaLlEG+OhY8v0tBgxXA=",
      "dev": true
    },
    "@types/acorn": {
      "version": "4.0.5",
      "resolved": "https://registry.npmjs.org/@types/acorn/-/acorn-4.0.5.tgz",
      "integrity": "sha512-603sPiZ4GVRHPvn6vNgEAvJewKsy+zwRWYS2MeIMemgoAtcjlw2G3lALxrb9OPA17J28bkB71R33yXlQbUatCA==",
      "dev": true,
      "requires": {
        "@types/estree": "*"
      }
    },
    "@types/estree": {
      "version": "0.0.39",
      "resolved": "https://registry.npmjs.org/@types/estree/-/estree-0.0.39.tgz",
      "integrity": "sha512-EYNwp3bU+98cpU4lAWYYL7Zz+2gryWH1qbdDTidVd6hkiR6weksdbMadyXKXNPEkQFhXM+hVO9ZygomHXp+AIw==",
      "dev": true
    },
    "@types/long": {
      "version": "4.0.1",
      "resolved": "https://registry.npmjs.org/@types/long/-/long-4.0.1.tgz",
      "integrity": "sha512-5tXH6Bx/kNGd3MgffdmP4dy2Z+G4eaXw0SE81Tq3BNadtnMR5/ySMzX4SLEzHJzSmPNn4HIdpQsBvXMUykr58w==",
      "dev": true
    },
    "@types/node": {
      "version": "13.13.14",
      "resolved": "https://registry.npmjs.org/@types/node/-/node-13.13.14.tgz",
      "integrity": "sha512-Az3QsOt1U/K1pbCQ0TXGELTuTkPLOiFIQf3ILzbOyo0FqgV9SxRnxbxM5QlAveERZMHpZY+7u3Jz2tKyl+yg6g==",
      "dev": true
    },
    "@types/prop-types": {
      "version": "15.7.1",
      "resolved": "https://registry.npmjs.org/@types/prop-types/-/prop-types-15.7.1.tgz",
      "integrity": "sha512-CFzn9idOEpHrgdw8JsoTkaDDyRWk1jrzIV8djzcgpq0y9tG4B4lFT+Nxh52DVpDXV+n4+NPNv7M1Dj5uMp6XFg==",
      "dev": true
    },
    "@types/react": {
      "version": "16.8.24",
      "resolved": "https://registry.npmjs.org/@types/react/-/react-16.8.24.tgz",
      "integrity": "sha512-VpFHUoD37YNY2+lr/+c7qL/tZsIU/bKuskUF3tmGUArbxIcQdb5j3zvo4cuuzu2A6UaVmVn7sJ4PgWYNFEBGzg==",
      "dev": true,
      "requires": {
        "@types/prop-types": "*",
        "csstype": "^2.2.0"
      }
    },
    "acorn": {
      "version": "5.7.4",
      "resolved": "https://registry.npmjs.org/acorn/-/acorn-5.7.4.tgz",
      "integrity": "sha512-1D++VG7BhrtvQpNbBzovKNc1FLGGEE/oGe7b9xJm/RFHMBeUaUGpluV9RLjZa47YFdPcDAenEYuq9pQPcMdLJg==",
      "dev": true
    },
    "acorn-dynamic-import": {
      "version": "3.0.0",
      "resolved": "https://registry.npmjs.org/acorn-dynamic-import/-/acorn-dynamic-import-3.0.0.tgz",
      "integrity": "sha512-zVWV8Z8lislJoOKKqdNMOB+s6+XV5WERty8MnKBeFgwA+19XJjJHs2RP5dzM57FftIs+jQnRToLiWazKr6sSWg==",
      "dev": true,
      "requires": {
        "acorn": "^5.0.0"
      }
    },
    "balanced-match": {
      "version": "1.0.0",
      "resolved": "https://registry.npmjs.org/balanced-match/-/balanced-match-1.0.0.tgz",
      "integrity": "sha1-ibTRmasr7kneFk6gK4nORi1xt2c=",
      "dev": true
    },
    "brace-expansion": {
      "version": "1.1.11",
      "resolved": "https://registry.npmjs.org/brace-expansion/-/brace-expansion-1.1.11.tgz",
      "integrity": "sha512-iCuPHDFgrHX7H2vEI/5xpz07zSHB00TpugqhmYtVmMO6518mCuRMoOYFldEBl0g187ufozdaHgWKcYFb61qGiA==",
      "dev": true,
      "requires": {
        "balanced-match": "^1.0.0",
        "concat-map": "0.0.1"
      }
    },
    "builtin-modules": {
      "version": "2.0.0",
      "resolved": "https://registry.npmjs.org/builtin-modules/-/builtin-modules-2.0.0.tgz",
      "integrity": "sha512-3U5kUA5VPsRUA3nofm/BXX7GVHKfxz0hOBAPxXrIvHzlDRkQVqEn6yi8QJegxl4LzOHLdvb7XF5dVawa/VVYBg==",
      "dev": true
    },
    "colors": {
      "version": "1.3.3",
      "resolved": "https://registry.npmjs.org/colors/-/colors-1.3.3.tgz",
      "integrity": "sha512-mmGt/1pZqYRjMxB1axhTo16/snVZ5krrKkcmMeVKxzECMMXoCgnvTPp10QgHfcbQZw8Dq2jMNG6je4JlWU0gWg==",
      "dev": true
    },
    "commander": {
      "version": "2.13.0",
      "resolved": "https://registry.npmjs.org/commander/-/commander-2.13.0.tgz",
      "integrity": "sha512-MVuS359B+YzaWqjCL/c+22gfryv+mCBPHAv3zyVI2GN8EY6IRP8VwtasXn8jyyhvvq84R4ImN1OKRtcbIasjYA==",
      "dev": true
    },
    "concat-map": {
      "version": "0.0.1",
      "resolved": "https://registry.npmjs.org/concat-map/-/concat-map-0.0.1.tgz",
      "integrity": "sha1-2Klr13/Wjfd5OnMDajug1UBdR3s=",
      "dev": true
    },
    "core-js": {
      "version": "3.6.5",
      "resolved": "https://registry.npmjs.org/core-js/-/core-js-3.6.5.tgz",
      "integrity": "sha512-vZVEEwZoIsI+vPEuoF9Iqf5H7/M3eeQqWlQnYa8FSKKePuYTf5MWnxb5SDAzCa60b3JBRS5g9b+Dq7b1y/RCrA==",
      "dev": true
    },
    "csstype": {
      "version": "2.6.6",
      "resolved": "https://registry.npmjs.org/csstype/-/csstype-2.6.6.tgz",
      "integrity": "sha512-RpFbQGUE74iyPgvr46U9t1xoQBM8T4BL8SxrN66Le2xYAPSaDJJKeztV3awugusb3g3G9iL8StmkBBXhcbbXhg==",
      "dev": true
    },
    "date-time": {
      "version": "2.1.0",
      "resolved": "https://registry.npmjs.org/date-time/-/date-time-2.1.0.tgz",
      "integrity": "sha512-/9+C44X7lot0IeiyfgJmETtRMhBidBYM2QFFIkGa0U1k+hSyY87Nw7PY3eDqpvCBm7I3WCSfPeZskW/YYq6m4g==",
      "dev": true,
      "requires": {
        "time-zone": "^1.0.0"
      }
    },
    "dom-storage": {
      "version": "2.1.0",
      "resolved": "https://registry.npmjs.org/dom-storage/-/dom-storage-2.1.0.tgz",
      "integrity": "sha512-g6RpyWXzl0RR6OTElHKBl7nwnK87GUyZMYC7JWsB/IA73vpqK2K6LT39x4VepLxlSsWBFrPVLnsSR5Jyty0+2Q==",
      "dev": true
    },
    "encoding": {
      "version": "0.1.13",
      "resolved": "https://registry.npmjs.org/encoding/-/encoding-0.1.13.tgz",
      "integrity": "sha512-ETBauow1T35Y/WZMkio9jiM0Z5xjHHmJ4XmjZOq1l/dXz3lr2sRn87nJy20RupqSh1F2m3HHPSp8ShIPQJrJ3A==",
      "dev": true,
      "requires": {
        "iconv-lite": "^0.6.2"
      }
    },
    "estree-walker": {
      "version": "0.6.1",
      "resolved": "https://registry.npmjs.org/estree-walker/-/estree-walker-0.6.1.tgz",
      "integrity": "sha512-SqmZANLWS0mnatqbSfRP5g8OXZC12Fgg1IwNtLsyHDzJizORW4khDfjPqJZsemPWBB2uqykUah5YpQ6epsqC/w==",
      "dev": true
    },
    "faye-websocket": {
      "version": "0.11.3",
      "resolved": "https://registry.npmjs.org/faye-websocket/-/faye-websocket-0.11.3.tgz",
      "integrity": "sha512-D2y4bovYpzziGgbHYtGCMjlJM36vAl/y+xUyn1C+FVx8szd1E+86KwVw6XvYSzOP8iMpm1X0I4xJD+QtUb36OA==",
      "dev": true,
      "requires": {
        "websocket-driver": ">=0.5.1"
      }
    },
    "firebase": {
      "version": "7.16.1",
      "resolved": "https://registry.npmjs.org/firebase/-/firebase-7.16.1.tgz",
      "integrity": "sha512-mcvFh617lWPYnx6SmwgtwmliY8P3XBi8pm0LDY4a8WPD049goCMgmIEpKkX4R3gZ2noz2rVrxSUfodENPpttLg==",
      "dev": true,
      "requires": {
        "@firebase/analytics": "0.3.9",
        "@firebase/app": "0.6.8",
        "@firebase/app-types": "0.6.1",
        "@firebase/auth": "0.14.9",
        "@firebase/database": "0.6.8",
        "@firebase/firestore": "1.16.1",
        "@firebase/functions": "0.4.48",
        "@firebase/installations": "0.4.14",
        "@firebase/messaging": "0.6.20",
        "@firebase/performance": "0.3.9",
        "@firebase/polyfill": "0.3.36",
        "@firebase/remote-config": "0.1.25",
        "@firebase/storage": "0.3.39",
        "@firebase/util": "0.2.50"
      }
    },
    "fs-extra": {
      "version": "3.0.1",
      "resolved": "https://registry.npmjs.org/fs-extra/-/fs-extra-3.0.1.tgz",
      "integrity": "sha1-N5TzeMWLNC6n27sjCVEJxLO2IpE=",
      "dev": true,
      "requires": {
        "graceful-fs": "^4.1.2",
        "jsonfile": "^3.0.0",
        "universalify": "^0.1.0"
      }
    },
    "fs.realpath": {
      "version": "1.0.0",
      "resolved": "https://registry.npmjs.org/fs.realpath/-/fs.realpath-1.0.0.tgz",
      "integrity": "sha1-FQStJSMVjKpA20onh8sBQRmU6k8=",
      "dev": true
    },
    "glob": {
      "version": "7.1.4",
      "resolved": "https://registry.npmjs.org/glob/-/glob-7.1.4.tgz",
      "integrity": "sha512-hkLPepehmnKk41pUGm3sYxoFs/umurYfYJCerbXEyFIWcAzvpipAgVkBqqT9RBKMGjnq6kMuyYwha6csxbiM1A==",
      "dev": true,
      "requires": {
        "fs.realpath": "^1.0.0",
        "inflight": "^1.0.4",
        "inherits": "2",
        "minimatch": "^3.0.4",
        "once": "^1.3.0",
        "path-is-absolute": "^1.0.0"
      }
    },
    "graceful-fs": {
      "version": "4.2.0",
      "resolved": "https://registry.npmjs.org/graceful-fs/-/graceful-fs-4.2.0.tgz",
      "integrity": "sha512-jpSvDPV4Cq/bgtpndIWbI5hmYxhQGHPC4d4cqBPb4DLniCfhJokdXhwhaDuLBGLQdvvRum/UiX6ECVIPvDXqdg==",
      "dev": true
    },
    "http-parser-js": {
      "version": "0.5.2",
      "resolved": "https://registry.npmjs.org/http-parser-js/-/http-parser-js-0.5.2.tgz",
      "integrity": "sha512-opCO9ASqg5Wy2FNo7A0sxy71yGbbkJJXLdgMK04Tcypw9jr2MgWbyubb0+WdmDmGnFflO7fRbqbaihh/ENDlRQ==",
      "dev": true
    },
    "iconv-lite": {
      "version": "0.6.2",
      "resolved": "https://registry.npmjs.org/iconv-lite/-/iconv-lite-0.6.2.tgz",
      "integrity": "sha512-2y91h5OpQlolefMPmUlivelittSWy0rP+oYVpn6A7GwVHNE8AWzoYOBNmlwks3LobaJxgHCYZAnyNo2GgpNRNQ==",
      "dev": true,
      "requires": {
        "safer-buffer": ">= 2.1.2 < 3.0.0"
      }
    },
    "idb": {
      "version": "3.0.2",
      "resolved": "https://registry.npmjs.org/idb/-/idb-3.0.2.tgz",
      "integrity": "sha512-+FLa/0sTXqyux0o6C+i2lOR0VoS60LU/jzUo5xjfY6+7sEEgy4Gz1O7yFBXvjd7N0NyIGWIRg8DcQSLEG+VSPw==",
      "dev": true
    },
    "inflight": {
      "version": "1.0.6",
      "resolved": "https://registry.npmjs.org/inflight/-/inflight-1.0.6.tgz",
      "integrity": "sha1-Sb1jMdfQLQwJvJEKEHW6gWW1bfk=",
      "dev": true,
      "requires": {
        "once": "^1.3.0",
        "wrappy": "1"
      }
    },
    "inherits": {
      "version": "2.0.4",
      "resolved": "https://registry.npmjs.org/inherits/-/inherits-2.0.4.tgz",
      "integrity": "sha512-k/vGaX4/Yla3WzyMCvTQOXYeIHvqOKtnqBduzTHpzpQZzAskKMhZ2K+EnBiSM9zGSoIFeMpXKxa4dYeZIQqewQ==",
      "dev": true
    },
    "is-module": {
      "version": "1.0.0",
      "resolved": "https://registry.npmjs.org/is-module/-/is-module-1.0.0.tgz",
      "integrity": "sha1-Mlj7afeMFNW4FdZkM2tM/7ZEFZE=",
      "dev": true
    },
    "is-reference": {
      "version": "1.1.3",
      "resolved": "https://registry.npmjs.org/is-reference/-/is-reference-1.1.3.tgz",
      "integrity": "sha512-W1iHHv/oyBb2pPxkBxtaewxa1BC58Pn5J0hogyCdefwUIvb6R+TGbAcIa4qPNYLqLhb3EnOgUf2MQkkF76BcKw==",
      "dev": true,
      "requires": {
        "@types/estree": "0.0.39"
      }
    },
    "is-stream": {
      "version": "1.1.0",
      "resolved": "https://registry.npmjs.org/is-stream/-/is-stream-1.1.0.tgz",
      "integrity": "sha1-EtSj3U5o4Lec6428hBc66A2RykQ=",
      "dev": true
    },
    "isomorphic-fetch": {
      "version": "2.2.1",
      "resolved": "https://registry.npmjs.org/isomorphic-fetch/-/isomorphic-fetch-2.2.1.tgz",
      "integrity": "sha1-YRrhrPFPXoH3KVB0coGf6XM1WKk=",
      "dev": true,
      "requires": {
        "node-fetch": "^1.0.1",
        "whatwg-fetch": ">=0.10.0"
      }
    },
    "js-tokens": {
      "version": "4.0.0",
      "resolved": "https://registry.npmjs.org/js-tokens/-/js-tokens-4.0.0.tgz",
      "integrity": "sha512-RdJUflcE3cUzKiMqQgsCu06FPu9UdIJO0beYbPhHN4k6apgJtifcoCtT9bcxOpYBtpD2kCM6Sbzg4CausW/PKQ==",
      "dev": true
    },
    "jsonfile": {
      "version": "3.0.1",
      "resolved": "https://registry.npmjs.org/jsonfile/-/jsonfile-3.0.1.tgz",
      "integrity": "sha1-pezG9l9T9mLEQVx2daAzHQmS7GY=",
      "dev": true,
      "requires": {
        "graceful-fs": "^4.1.6"
      }
    },
    "locate-character": {
      "version": "2.0.5",
      "resolved": "https://registry.npmjs.org/locate-character/-/locate-character-2.0.5.tgz",
      "integrity": "sha512-n2GmejDXtOPBAZdIiEFy5dJ5N38xBCXLNOtw2WpB9kGh6pnrEuKlwYI+Tkpofc4wDtVXHtoAOJaMRlYG/oYaxg==",
      "dev": true
    },
    "lodash.camelcase": {
      "version": "4.3.0",
      "resolved": "https://registry.npmjs.org/lodash.camelcase/-/lodash.camelcase-4.3.0.tgz",
      "integrity": "sha1-soqmKIorn8ZRA1x3EfZathkDMaY=",
      "dev": true
    },
    "long": {
      "version": "4.0.0",
      "resolved": "https://registry.npmjs.org/long/-/long-4.0.0.tgz",
      "integrity": "sha512-XsP+KhQif4bjX1kbuSiySJFNAehNxgLb6hPRGJ9QsUr8ajHkuXGdrHmFUTUUXhDwVX2R5bY4JNZEwbUiMhV+MA==",
      "dev": true
    },
    "loose-envify": {
      "version": "1.4.0",
      "resolved": "https://registry.npmjs.org/loose-envify/-/loose-envify-1.4.0.tgz",
      "integrity": "sha512-lyuxPGr/Wfhrlem2CL/UcnUc1zcqKAImBDzukY7Y5F/yQiNdko6+fRLevlw1HgMySw7f611UIY408EtxRSoK3Q==",
      "dev": true,
      "requires": {
        "js-tokens": "^3.0.0 || ^4.0.0"
      }
    },
    "magic-string": {
      "version": "0.22.5",
      "resolved": "https://registry.npmjs.org/magic-string/-/magic-string-0.22.5.tgz",
      "integrity": "sha512-oreip9rJZkzvA8Qzk9HFs8fZGF/u7H/gtrE8EN6RjKJ9kh2HlC+yQ2QezifqTZfGyiuAV0dRv5a+y/8gBb1m9w==",
      "dev": true,
      "requires": {
        "vlq": "^0.2.2"
      }
    },
    "minimatch": {
      "version": "3.0.4",
      "resolved": "https://registry.npmjs.org/minimatch/-/minimatch-3.0.4.tgz",
      "integrity": "sha512-yJHVQEhyqPLUTgt9B83PXu6W3rx4MvvHvSUvToogpwoGDOUQ+yDrR0HRot+yOCdCO7u4hX3pWft6kWBBcqh0UA==",
      "dev": true,
      "requires": {
        "brace-expansion": "^1.1.7"
      }
    },
    "node-fetch": {
      "version": "1.7.3",
      "resolved": "https://registry.npmjs.org/node-fetch/-/node-fetch-1.7.3.tgz",
      "integrity": "sha512-NhZ4CsKx7cYm2vSrBAr2PvFOe6sWDf0UYLRqA6svUYg7+/TSfVAu49jYC4BvQ4Sms9SZgdqGBgroqfDhJdTyKQ==",
      "dev": true,
      "requires": {
        "encoding": "^0.1.11",
        "is-stream": "^1.0.1"
      }
    },
    "object-assign": {
      "version": "4.1.1",
      "resolved": "https://registry.npmjs.org/object-assign/-/object-assign-4.1.1.tgz",
      "integrity": "sha1-IQmtx5ZYh8/AXLvUQsrIv7s2CGM=",
      "dev": true
    },
    "once": {
      "version": "1.4.0",
      "resolved": "https://registry.npmjs.org/once/-/once-1.4.0.tgz",
      "integrity": "sha1-WDsap3WWHUsROsF9nFC6753Xa9E=",
      "dev": true,
      "requires": {
        "wrappy": "1"
      }
    },
    "parse-ms": {
      "version": "1.0.1",
      "resolved": "https://registry.npmjs.org/parse-ms/-/parse-ms-1.0.1.tgz",
      "integrity": "sha1-VjRtR0nXjyNDDKDHE4UK75GqNh0=",
      "dev": true
    },
    "path": {
      "version": "0.12.7",
      "resolved": "https://registry.npmjs.org/path/-/path-0.12.7.tgz",
      "integrity": "sha1-1NwqUGxM4hl+tIHr/NWzbAFAsQ8=",
      "dev": true,
      "requires": {
        "process": "^0.11.1",
        "util": "^0.10.3"
      }
    },
    "path-is-absolute": {
      "version": "1.0.1",
      "resolved": "https://registry.npmjs.org/path-is-absolute/-/path-is-absolute-1.0.1.tgz",
      "integrity": "sha1-F0uSaHNVNP+8es5r9TpanhtcX18=",
      "dev": true
    },
    "path-parse": {
      "version": "1.0.6",
      "resolved": "https://registry.npmjs.org/path-parse/-/path-parse-1.0.6.tgz",
      "integrity": "sha512-GSmOT2EbHrINBf9SR7CDELwlJ8AENk3Qn7OikK4nFYAu3Ote2+JYNVvkpAEQm3/TLNEJFD/xZJjzyxg3KBWOzw==",
      "dev": true
    },
    "pretty-ms": {
      "version": "3.2.0",
      "resolved": "https://registry.npmjs.org/pretty-ms/-/pretty-ms-3.2.0.tgz",
      "integrity": "sha512-ZypexbfVUGTFxb0v+m1bUyy92DHe5SyYlnyY0msyms5zd3RwyvNgyxZZsXXgoyzlxjx5MiqtXUdhUfvQbe0A2Q==",
      "dev": true,
      "requires": {
        "parse-ms": "^1.0.0"
      }
    },
    "process": {
      "version": "0.11.10",
      "resolved": "https://registry.npmjs.org/process/-/process-0.11.10.tgz",
      "integrity": "sha1-czIwDoQBYb2j5podHZGn1LwW8YI=",
      "dev": true
    },
    "promise-polyfill": {
      "version": "8.1.3",
      "resolved": "https://registry.npmjs.org/promise-polyfill/-/promise-polyfill-8.1.3.tgz",
      "integrity": "sha512-MG5r82wBzh7pSKDRa9y+vllNHz3e3d4CNj1PQE4BQYxLme0gKYYBm9YENq+UkEikyZ0XbiGWxYlVw3Rl9O/U8g==",
      "dev": true
    },
    "prop-types": {
      "version": "15.7.2",
      "resolved": "https://registry.npmjs.org/prop-types/-/prop-types-15.7.2.tgz",
      "integrity": "sha512-8QQikdH7//R2vurIJSutZ1smHYTcLpRWEOlHnzcWHmBYrOGUysKwSsrC89BCiFj3CbrfJ/nXFdJepOVrY1GCHQ==",
      "dev": true,
      "requires": {
        "loose-envify": "^1.4.0",
        "object-assign": "^4.1.1",
        "react-is": "^16.8.1"
      }
    },
    "protobufjs": {
      "version": "6.10.1",
      "resolved": "https://registry.npmjs.org/protobufjs/-/protobufjs-6.10.1.tgz",
      "integrity": "sha512-pb8kTchL+1Ceg4lFd5XUpK8PdWacbvV5SK2ULH2ebrYtl4GjJmS24m6CKME67jzV53tbJxHlnNOSqQHbTsR9JQ==",
      "dev": true,
      "requires": {
        "@protobufjs/aspromise": "^1.1.2",
        "@protobufjs/base64": "^1.1.2",
        "@protobufjs/codegen": "^2.0.4",
        "@protobufjs/eventemitter": "^1.1.0",
        "@protobufjs/fetch": "^1.1.0",
        "@protobufjs/float": "^1.0.2",
        "@protobufjs/inquire": "^1.1.0",
        "@protobufjs/path": "^1.1.2",
        "@protobufjs/pool": "^1.1.0",
        "@protobufjs/utf8": "^1.1.0",
        "@types/long": "^4.0.1",
        "@types/node": "^13.7.0",
        "long": "^4.0.0"
      }
    },
    "react": {
      "version": "16.8.6",
      "resolved": "https://registry.npmjs.org/react/-/react-16.8.6.tgz",
      "integrity": "sha512-pC0uMkhLaHm11ZSJULfOBqV4tIZkx87ZLvbbQYunNixAAvjnC+snJCg0XQXn9VIsttVsbZP/H/ewzgsd5fxKXw==",
      "dev": true,
      "requires": {
        "loose-envify": "^1.1.0",
        "object-assign": "^4.1.1",
        "prop-types": "^15.6.2",
        "scheduler": "^0.13.6"
      }
    },
    "react-is": {
      "version": "16.8.6",
      "resolved": "https://registry.npmjs.org/react-is/-/react-is-16.8.6.tgz",
      "integrity": "sha512-aUk3bHfZ2bRSVFFbbeVS4i+lNPZr3/WM5jT2J5omUVV1zzcs1nAaf3l51ctA5FFvCRbhrH0bdAsRRQddFJZPtA==",
      "dev": true
    },
    "require-relative": {
      "version": "0.8.7",
      "resolved": "https://registry.npmjs.org/require-relative/-/require-relative-0.8.7.tgz",
      "integrity": "sha1-eZlTn8ngR6N5KPoZb44VY9q9Nt4=",
      "dev": true
    },
    "resolve": {
      "version": "1.12.0",
      "resolved": "https://registry.npmjs.org/resolve/-/resolve-1.12.0.tgz",
      "integrity": "sha512-B/dOmuoAik5bKcD6s6nXDCjzUKnaDvdkRyAk6rsmsKLipWj4797iothd7jmmUhWTfinVMU+wc56rYKsit2Qy4w==",
      "dev": true,
      "requires": {
        "path-parse": "^1.0.6"
      }
    },
    "rimraf": {
      "version": "2.6.3",
      "resolved": "https://registry.npmjs.org/rimraf/-/rimraf-2.6.3.tgz",
      "integrity": "sha512-mwqeW5XsA2qAejG46gYdENaxXjx9onRNCfn7L0duuP4hCuTIi/QO7PDK07KJfp1d+izWPrzEJDcSqBa0OZQriA==",
      "dev": true,
      "requires": {
        "glob": "^7.1.3"
      }
    },
    "rollup": {
      "version": "0.57.1",
      "resolved": "https://registry.npmjs.org/rollup/-/rollup-0.57.1.tgz",
      "integrity": "sha512-I18GBqP0qJoJC1K1osYjreqA8VAKovxuI3I81RSk0Dmr4TgloI0tAULjZaox8OsJ+n7XRrhH6i0G2By/pj1LCA==",
      "dev": true,
      "requires": {
        "@types/acorn": "^4.0.3",
        "acorn": "^5.5.3",
        "acorn-dynamic-import": "^3.0.0",
        "date-time": "^2.1.0",
        "is-reference": "^1.1.0",
        "locate-character": "^2.0.5",
        "pretty-ms": "^3.1.0",
        "require-relative": "^0.8.7",
        "rollup-pluginutils": "^2.0.1",
        "signal-exit": "^3.0.2",
        "sourcemap-codec": "^1.4.1"
      }
    },
    "rollup-plugin-commonjs": {
      "version": "9.1.0",
      "resolved": "https://registry.npmjs.org/rollup-plugin-commonjs/-/rollup-plugin-commonjs-9.1.0.tgz",
      "integrity": "sha512-NrfE0g30QljNCnlJr7I2Xguz+44mh0dCxvfxwLnCwtaCK2LwFUp1zzAs8MQuOfhH4mRskqsjfOwGUap/L+WtEw==",
      "dev": true,
      "requires": {
        "estree-walker": "^0.5.1",
        "magic-string": "^0.22.4",
        "resolve": "^1.5.0",
        "rollup-pluginutils": "^2.0.1"
      },
      "dependencies": {
        "estree-walker": {
          "version": "0.5.2",
          "resolved": "https://registry.npmjs.org/estree-walker/-/estree-walker-0.5.2.tgz",
          "integrity": "sha512-XpCnW/AE10ws/kDAs37cngSkvgIR8aN3G0MS85m7dUpuK2EREo9VJ00uvw6Dg/hXEpfsE1I1TvJOJr+Z+TL+ig==",
          "dev": true
        }
      }
    },
    "rollup-plugin-copy": {
      "version": "0.2.3",
      "resolved": "https://registry.npmjs.org/rollup-plugin-copy/-/rollup-plugin-copy-0.2.3.tgz",
      "integrity": "sha1-2sGrgdHyILrrmOXEwBCCUuHtu5g=",
      "dev": true,
      "requires": {
        "colors": "^1.1.2",
        "fs-extra": "^3.0.0"
      }
    },
    "rollup-plugin-node-resolve": {
      "version": "3.3.0",
      "resolved": "https://registry.npmjs.org/rollup-plugin-node-resolve/-/rollup-plugin-node-resolve-3.3.0.tgz",
      "integrity": "sha512-9zHGr3oUJq6G+X0oRMYlzid9fXicBdiydhwGChdyeNRGPcN/majtegApRKHLR5drboUvEWU+QeUmGTyEZQs3WA==",
      "dev": true,
      "requires": {
        "builtin-modules": "^2.0.0",
        "is-module": "^1.0.0",
        "resolve": "^1.1.6"
      }
    },
    "rollup-plugin-typescript2": {
      "version": "0.12.0",
      "resolved": "https://registry.npmjs.org/rollup-plugin-typescript2/-/rollup-plugin-typescript2-0.12.0.tgz",
      "integrity": "sha512-UvHzfJyBWyV+d4Av7FG79PTipIK1VrNQoDrNWszAYd7i/ZcCfBg3rPkPiK9Z+WEHXeWBbCnxJlSqR2zKWgEkiw==",
      "dev": true,
      "requires": {
        "fs-extra": "^5.0.0",
        "resolve": "^1.5.0",
        "rollup-pluginutils": "^2.0.1",
        "tslib": "^1.9.0"
      },
      "dependencies": {
        "fs-extra": {
          "version": "5.0.0",
          "resolved": "https://registry.npmjs.org/fs-extra/-/fs-extra-5.0.0.tgz",
          "integrity": "sha512-66Pm4RYbjzdyeuqudYqhFiNBbCIuI9kgRqLPSHIlXHidW8NIQtVdkM1yeZ4lXwuhbTETv3EUGMNHAAw6hiundQ==",
          "dev": true,
          "requires": {
            "graceful-fs": "^4.1.2",
            "jsonfile": "^4.0.0",
            "universalify": "^0.1.0"
          }
        },
        "jsonfile": {
          "version": "4.0.0",
          "resolved": "https://registry.npmjs.org/jsonfile/-/jsonfile-4.0.0.tgz",
          "integrity": "sha1-h3Gq4HmbZAdrdmQPygWPnBDjPss=",
          "dev": true,
          "requires": {
            "graceful-fs": "^4.1.6"
          }
        }
      }
    },
    "rollup-plugin-uglify": {
      "version": "3.0.0",
      "resolved": "https://registry.npmjs.org/rollup-plugin-uglify/-/rollup-plugin-uglify-3.0.0.tgz",
      "integrity": "sha512-dehLu9eRRoV4l09aC+ySntRw1OAfoyKdbk8Nelblj03tHoynkSybqyEpgavemi1LBOH6S1vzI58/mpxkZIe1iQ==",
      "dev": true,
      "requires": {
        "uglify-es": "^3.3.7"
      }
    },
    "rollup-pluginutils": {
      "version": "2.8.1",
      "resolved": "https://registry.npmjs.org/rollup-pluginutils/-/rollup-pluginutils-2.8.1.tgz",
      "integrity": "sha512-J5oAoysWar6GuZo0s+3bZ6sVZAC0pfqKz68De7ZgDi5z63jOVZn1uJL/+z1jeKHNbGII8kAyHF5q8LnxSX5lQg==",
      "dev": true,
      "requires": {
        "estree-walker": "^0.6.1"
      }
    },
    "safe-buffer": {
      "version": "5.2.1",
      "resolved": "https://registry.npmjs.org/safe-buffer/-/safe-buffer-5.2.1.tgz",
      "integrity": "sha512-rp3So07KcdmmKbGvgaNxQSJr7bGVSVk5S9Eq1F+ppbRo70+YeaDxkw5Dd8NPN+GD6bjnYm2VuPuCXmpuYvmCXQ==",
      "dev": true
    },
    "safer-buffer": {
      "version": "2.1.2",
      "resolved": "https://registry.npmjs.org/safer-buffer/-/safer-buffer-2.1.2.tgz",
      "integrity": "sha512-YZo3K82SD7Riyi0E1EQPojLz7kpepnSQI9IyPbHHg1XXXevb5dJI7tpyN2ADxGcQbHG7vcyRHk0cbwqcQriUtg==",
      "dev": true
    },
    "scheduler": {
      "version": "0.13.6",
      "resolved": "https://registry.npmjs.org/scheduler/-/scheduler-0.13.6.tgz",
      "integrity": "sha512-IWnObHt413ucAYKsD9J1QShUKkbKLQQHdxRyw73sw4FN26iWr3DY/H34xGPe4nmL1DwXyWmSWmMrA9TfQbE/XQ==",
      "dev": true,
      "requires": {
        "loose-envify": "^1.1.0",
        "object-assign": "^4.1.1"
      }
    },
    "semver": {
      "version": "6.3.0",
      "resolved": "https://registry.npmjs.org/semver/-/semver-6.3.0.tgz",
      "integrity": "sha512-b39TBaTSfV6yBrapU89p5fKekE2m/NwnDocOVruQFS1/veMgdzuPcnOM34M6CwxW8jH/lxEa5rBoDeUwu5HHTw==",
      "dev": true
    },
    "signal-exit": {
      "version": "3.0.2",
      "resolved": "https://registry.npmjs.org/signal-exit/-/signal-exit-3.0.2.tgz",
      "integrity": "sha1-tf3AjxKH6hF4Yo5BXiUTK3NkbG0=",
      "dev": true
    },
    "source-map": {
      "version": "0.6.1",
      "resolved": "https://registry.npmjs.org/source-map/-/source-map-0.6.1.tgz",
      "integrity": "sha512-UjgapumWlbMhkBgzT7Ykc5YXUT46F0iKu8SGXq0bcwP5dz/h0Plj6enJqjz1Zbq2l5WaqYnrVbwWOWMyF3F47g==",
      "dev": true
    },
    "sourcemap-codec": {
      "version": "1.4.6",
      "resolved": "https://registry.npmjs.org/sourcemap-codec/-/sourcemap-codec-1.4.6.tgz",
      "integrity": "sha512-1ZooVLYFxC448piVLBbtOxFcXwnymH9oUF8nRd3CuYDVvkRBxRl6pB4Mtas5a4drtL+E8LDgFkQNcgIw6tc8Hg==",
      "dev": true
    },
    "time-zone": {
      "version": "1.0.0",
      "resolved": "https://registry.npmjs.org/time-zone/-/time-zone-1.0.0.tgz",
      "integrity": "sha1-mcW/VZWJZq9tBtg73zgA3IL67F0=",
      "dev": true
    },
    "tslib": {
      "version": "1.9.3",
      "resolved": "https://registry.npmjs.org/tslib/-/tslib-1.9.3.tgz",
      "integrity": "sha512-4krF8scpejhaOgqzBEcGM7yDIEfi0/8+8zDRZhNZZ2kjmHJ4hv3zCbQWxoJGz1iw5U0Jl0nma13xzHXcncMavQ==",
      "dev": true
    },
    "typescript": {
      "version": "2.8.1",
      "resolved": "https://registry.npmjs.org/typescript/-/typescript-2.8.1.tgz",
      "integrity": "sha512-Ao/f6d/4EPLq0YwzsQz8iXflezpTkQzqAyenTiw4kCUGr1uPiFLC3+fZ+gMZz6eeI/qdRUqvC+HxIJzUAzEFdg==",
      "dev": true
    },
    "uglify-es": {
      "version": "3.3.9",
      "resolved": "https://registry.npmjs.org/uglify-es/-/uglify-es-3.3.9.tgz",
      "integrity": "sha512-r+MU0rfv4L/0eeW3xZrd16t4NZfK8Ld4SWVglYBb7ez5uXFWHuVRs6xCTrf1yirs9a4j4Y27nn7SRfO6v67XsQ==",
      "dev": true,
      "requires": {
        "commander": "~2.13.0",
        "source-map": "~0.6.1"
      }
    },
    "universalify": {
      "version": "0.1.2",
      "resolved": "https://registry.npmjs.org/universalify/-/universalify-0.1.2.tgz",
      "integrity": "sha512-rBJeI5CXAlmy1pV+617WB9J63U6XcazHHF2f2dbJix4XzpUF0RS3Zbj0FGIOCAva5P/d/GBOYaACQ1w+0azUkg==",
      "dev": true
    },
    "util": {
      "version": "0.10.4",
      "resolved": "https://registry.npmjs.org/util/-/util-0.10.4.tgz",
      "integrity": "sha512-0Pm9hTQ3se5ll1XihRic3FDIku70C+iHUdT/W926rSgHV5QgXsYbKZN8MSC3tJtSkhuROzvsQjAaFENRXr+19A==",
      "dev": true,
      "requires": {
        "inherits": "2.0.3"
      },
      "dependencies": {
        "inherits": {
          "version": "2.0.3",
          "resolved": "https://registry.npmjs.org/inherits/-/inherits-2.0.3.tgz",
          "integrity": "sha1-Yzwsg+PaQqUC9SRmAiSA9CCCYd4=",
          "dev": true
        }
      }
    },
    "vlq": {
      "version": "0.2.3",
      "resolved": "https://registry.npmjs.org/vlq/-/vlq-0.2.3.tgz",
      "integrity": "sha512-DRibZL6DsNhIgYQ+wNdWDL2SL3bKPlVrRiBqV5yuMm++op8W4kGFtaQfCs4KEJn0wBZcHVHJ3eoywX8983k1ow==",
      "dev": true
    },
    "websocket-driver": {
      "version": "0.7.4",
      "resolved": "https://registry.npmjs.org/websocket-driver/-/websocket-driver-0.7.4.tgz",
      "integrity": "sha512-b17KeDIQVjvb0ssuSDF2cYXSg2iztliJ4B9WdsuB6J952qCPKmnVq4DyW5motImXHDC1cBT/1UezrJVsKw5zjg==",
      "dev": true,
      "requires": {
        "http-parser-js": ">=0.5.1",
        "safe-buffer": ">=5.1.0",
        "websocket-extensions": ">=0.1.1"
      }
    },
    "websocket-extensions": {
      "version": "0.1.4",
      "resolved": "https://registry.npmjs.org/websocket-extensions/-/websocket-extensions-0.1.4.tgz",
      "integrity": "sha512-OqedPIGOfsDlo31UNwYbCFMSaO9m9G/0faIHj5/dZFDMFqPTcx6UwqyOy3COEaEOg/9VsGIpdqn62W5KhoKSpg==",
      "dev": true
    },
    "whatwg-fetch": {
      "version": "3.2.0",
      "resolved": "https://registry.npmjs.org/whatwg-fetch/-/whatwg-fetch-3.2.0.tgz",
      "integrity": "sha512-SdGPoQMMnzVYThUbSrEvqTlkvC1Ux27NehaJ/GUHBfNrh5Mjg+1/uRyFMwVnxO2MrikMWvWAqUGgQOfVU4hT7w==",
      "dev": true
    },
    "wrappy": {
      "version": "1.0.2",
      "resolved": "https://registry.npmjs.org/wrappy/-/wrappy-1.0.2.tgz",
      "integrity": "sha1-tSQ9jz7BqjXxNkYFvA0QNuMKtp8=",
      "dev": true
    },
    "xmlhttprequest": {
      "version": "1.8.0",
      "resolved": "https://registry.npmjs.org/xmlhttprequest/-/xmlhttprequest-1.8.0.tgz",
      "integrity": "sha1-Z/4HXFwk/vOfnWX197f+dRcZaPw=",
      "dev": true
    }
  }
}
